version = 1
revision = 1
requires-python = ">=3.11"
resolution-markers = [
    "python_full_version < '3.12'",
    "python_full_version >= '3.12'",
]

[[package]]
name = "cffi"
version = "1.17.1"
source = { registry = "https://pypi.org/simple" }
dependencies = [
    { name = "pycparser" },
]
sdist = { url = "https://files.pythonhosted.org/packages/fc/97/c783634659c2920c3fc70419e3af40972dbaf758daa229a7d6ea6135c90d/cffi-1.17.1.tar.gz", hash = "sha256:1c39c6016c32bc48dd54561950ebd6836e1670f2ae46128f67cf49e789c52824", size = 516621 }
wheels = [
    { url = "https://files.pythonhosted.org/packages/6b/f4/927e3a8899e52a27fa57a48607ff7dc91a9ebe97399b357b85a0c7892e00/cffi-1.17.1-cp311-cp311-macosx_10_9_x86_64.whl", hash = "sha256:a45e3c6913c5b87b3ff120dcdc03f6131fa0065027d0ed7ee6190736a74cd401", size = 182264 },
    { url = "https://files.pythonhosted.org/packages/6c/f5/6c3a8efe5f503175aaddcbea6ad0d2c96dad6f5abb205750d1b3df44ef29/cffi-1.17.1-cp311-cp311-macosx_11_0_arm64.whl", hash = "sha256:30c5e0cb5ae493c04c8b42916e52ca38079f1b235c2f8ae5f4527b963c401caf", size = 178651 },
    { url = "https://files.pythonhosted.org/packages/94/dd/a3f0118e688d1b1a57553da23b16bdade96d2f9bcda4d32e7d2838047ff7/cffi-1.17.1-cp311-cp311-manylinux_2_12_i686.manylinux2010_i686.manylinux_2_17_i686.manylinux2014_i686.whl", hash = "sha256:f75c7ab1f9e4aca5414ed4d8e5c0e303a34f4421f8a0d47a4d019ceff0ab6af4", size = 445259 },
    { url = "https://files.pythonhosted.org/packages/2e/ea/70ce63780f096e16ce8588efe039d3c4f91deb1dc01e9c73a287939c79a6/cffi-1.17.1-cp311-cp311-manylinux_2_17_aarch64.manylinux2014_aarch64.whl", hash = "sha256:a1ed2dd2972641495a3ec98445e09766f077aee98a1c896dcb4ad0d303628e41", size = 469200 },
    { url = "https://files.pythonhosted.org/packages/1c/a0/a4fa9f4f781bda074c3ddd57a572b060fa0df7655d2a4247bbe277200146/cffi-1.17.1-cp311-cp311-manylinux_2_17_ppc64le.manylinux2014_ppc64le.whl", hash = "sha256:46bf43160c1a35f7ec506d254e5c890f3c03648a4dbac12d624e4490a7046cd1", size = 477235 },
    { url = "https://files.pythonhosted.org/packages/62/12/ce8710b5b8affbcdd5c6e367217c242524ad17a02fe5beec3ee339f69f85/cffi-1.17.1-cp311-cp311-manylinux_2_17_s390x.manylinux2014_s390x.whl", hash = "sha256:a24ed04c8ffd54b0729c07cee15a81d964e6fee0e3d4d342a27b020d22959dc6", size = 459721 },
    { url = "https://files.pythonhosted.org/packages/ff/6b/d45873c5e0242196f042d555526f92aa9e0c32355a1be1ff8c27f077fd37/cffi-1.17.1-cp311-cp311-manylinux_2_17_x86_64.manylinux2014_x86_64.whl", hash = "sha256:610faea79c43e44c71e1ec53a554553fa22321b65fae24889706c0a84d4ad86d", size = 467242 },
    { url = "https://files.pythonhosted.org/packages/1a/52/d9a0e523a572fbccf2955f5abe883cfa8bcc570d7faeee06336fbd50c9fc/cffi-1.17.1-cp311-cp311-musllinux_1_1_aarch64.whl", hash = "sha256:a9b15d491f3ad5d692e11f6b71f7857e7835eb677955c00cc0aefcd0669adaf6", size = 477999 },
    { url = "https://files.pythonhosted.org/packages/44/74/f2a2460684a1a2d00ca799ad880d54652841a780c4c97b87754f660c7603/cffi-1.17.1-cp311-cp311-musllinux_1_1_i686.whl", hash = "sha256:de2ea4b5833625383e464549fec1bc395c1bdeeb5f25c4a3a82b5a8c756ec22f", size = 454242 },
    { url = "https://files.pythonhosted.org/packages/f8/4a/34599cac7dfcd888ff54e801afe06a19c17787dfd94495ab0c8d35fe99fb/cffi-1.17.1-cp311-cp311-musllinux_1_1_x86_64.whl", hash = "sha256:fc48c783f9c87e60831201f2cce7f3b2e4846bf4d8728eabe54d60700b318a0b", size = 478604 },
    { url = "https://files.pythonhosted.org/packages/34/33/e1b8a1ba29025adbdcda5fb3a36f94c03d771c1b7b12f726ff7fef2ebe36/cffi-1.17.1-cp311-cp311-win32.whl", hash = "sha256:85a950a4ac9c359340d5963966e3e0a94a676bd6245a4b55bc43949eee26a655", size = 171727 },
    { url = "https://files.pythonhosted.org/packages/3d/97/50228be003bb2802627d28ec0627837ac0bf35c90cf769812056f235b2d1/cffi-1.17.1-cp311-cp311-win_amd64.whl", hash = "sha256:caaf0640ef5f5517f49bc275eca1406b0ffa6aa184892812030f04c2abf589a0", size = 181400 },
    { url = "https://files.pythonhosted.org/packages/5a/84/e94227139ee5fb4d600a7a4927f322e1d4aea6fdc50bd3fca8493caba23f/cffi-1.17.1-cp312-cp312-macosx_10_9_x86_64.whl", hash = "sha256:805b4371bf7197c329fcb3ead37e710d1bca9da5d583f5073b799d5c5bd1eee4", size = 183178 },
    { url = "https://files.pythonhosted.org/packages/da/ee/fb72c2b48656111c4ef27f0f91da355e130a923473bf5ee75c5643d00cca/cffi-1.17.1-cp312-cp312-macosx_11_0_arm64.whl", hash = "sha256:733e99bc2df47476e3848417c5a4540522f234dfd4ef3ab7fafdf555b082ec0c", size = 178840 },
    { url = "https://files.pythonhosted.org/packages/cc/b6/db007700f67d151abadf508cbfd6a1884f57eab90b1bb985c4c8c02b0f28/cffi-1.17.1-cp312-cp312-manylinux_2_12_i686.manylinux2010_i686.manylinux_2_17_i686.manylinux2014_i686.whl", hash = "sha256:1257bdabf294dceb59f5e70c64a3e2f462c30c7ad68092d01bbbfb1c16b1ba36", size = 454803 },
    { url = "https://files.pythonhosted.org/packages/1a/df/f8d151540d8c200eb1c6fba8cd0dfd40904f1b0682ea705c36e6c2e97ab3/cffi-1.17.1-cp312-cp312-manylinux_2_17_aarch64.manylinux2014_aarch64.whl", hash = "sha256:da95af8214998d77a98cc14e3a3bd00aa191526343078b530ceb0bd710fb48a5", size = 478850 },
    { url = "https://files.pythonhosted.org/packages/28/c0/b31116332a547fd2677ae5b78a2ef662dfc8023d67f41b2a83f7c2aa78b1/cffi-1.17.1-cp312-cp312-manylinux_2_17_ppc64le.manylinux2014_ppc64le.whl", hash = "sha256:d63afe322132c194cf832bfec0dc69a99fb9bb6bbd550f161a49e9e855cc78ff", size = 485729 },
    { url = "https://files.pythonhosted.org/packages/91/2b/9a1ddfa5c7f13cab007a2c9cc295b70fbbda7cb10a286aa6810338e60ea1/cffi-1.17.1-cp312-cp312-manylinux_2_17_s390x.manylinux2014_s390x.whl", hash = "sha256:f79fc4fc25f1c8698ff97788206bb3c2598949bfe0fef03d299eb1b5356ada99", size = 471256 },
    { url = "https://files.pythonhosted.org/packages/b2/d5/da47df7004cb17e4955df6a43d14b3b4ae77737dff8bf7f8f333196717bf/cffi-1.17.1-cp312-cp312-manylinux_2_17_x86_64.manylinux2014_x86_64.whl", hash = "sha256:b62ce867176a75d03a665bad002af8e6d54644fad99a3c70905c543130e39d93", size = 479424 },
    { url = "https://files.pythonhosted.org/packages/0b/ac/2a28bcf513e93a219c8a4e8e125534f4f6db03e3179ba1c45e949b76212c/cffi-1.17.1-cp312-cp312-musllinux_1_1_aarch64.whl", hash = "sha256:386c8bf53c502fff58903061338ce4f4950cbdcb23e2902d86c0f722b786bbe3", size = 484568 },
    { url = "https://files.pythonhosted.org/packages/d4/38/ca8a4f639065f14ae0f1d9751e70447a261f1a30fa7547a828ae08142465/cffi-1.17.1-cp312-cp312-musllinux_1_1_x86_64.whl", hash = "sha256:4ceb10419a9adf4460ea14cfd6bc43d08701f0835e979bf821052f1805850fe8", size = 488736 },
    { url = "https://files.pythonhosted.org/packages/86/c5/28b2d6f799ec0bdecf44dced2ec5ed43e0eb63097b0f58c293583b406582/cffi-1.17.1-cp312-cp312-win32.whl", hash = "sha256:a08d7e755f8ed21095a310a693525137cfe756ce62d066e53f502a83dc550f65", size = 172448 },
    { url = "https://files.pythonhosted.org/packages/50/b9/db34c4755a7bd1cb2d1603ac3863f22bcecbd1ba29e5ee841a4bc510b294/cffi-1.17.1-cp312-cp312-win_amd64.whl", hash = "sha256:51392eae71afec0d0c8fb1a53b204dbb3bcabcb3c9b807eedf3e1e6ccf2de903", size = 181976 },
    { url = "https://files.pythonhosted.org/packages/8d/f8/dd6c246b148639254dad4d6803eb6a54e8c85c6e11ec9df2cffa87571dbe/cffi-1.17.1-cp313-cp313-macosx_10_13_x86_64.whl", hash = "sha256:f3a2b4222ce6b60e2e8b337bb9596923045681d71e5a082783484d845390938e", size = 182989 },
    { url = "https://files.pythonhosted.org/packages/8b/f1/672d303ddf17c24fc83afd712316fda78dc6fce1cd53011b839483e1ecc8/cffi-1.17.1-cp313-cp313-macosx_11_0_arm64.whl", hash = "sha256:0984a4925a435b1da406122d4d7968dd861c1385afe3b45ba82b750f229811e2", size = 178802 },
    { url = "https://files.pythonhosted.org/packages/0e/2d/eab2e858a91fdff70533cab61dcff4a1f55ec60425832ddfdc9cd36bc8af/cffi-1.17.1-cp313-cp313-manylinux_2_12_i686.manylinux2010_i686.manylinux_2_17_i686.manylinux2014_i686.whl", hash = "sha256:d01b12eeeb4427d3110de311e1774046ad344f5b1a7403101878976ecd7a10f3", size = 454792 },
    { url = "https://files.pythonhosted.org/packages/75/b2/fbaec7c4455c604e29388d55599b99ebcc250a60050610fadde58932b7ee/cffi-1.17.1-cp313-cp313-manylinux_2_17_aarch64.manylinux2014_aarch64.whl", hash = "sha256:706510fe141c86a69c8ddc029c7910003a17353970cff3b904ff0686a5927683", size = 478893 },
    { url = "https://files.pythonhosted.org/packages/4f/b7/6e4a2162178bf1935c336d4da8a9352cccab4d3a5d7914065490f08c0690/cffi-1.17.1-cp313-cp313-manylinux_2_17_ppc64le.manylinux2014_ppc64le.whl", hash = "sha256:de55b766c7aa2e2a3092c51e0483d700341182f08e67c63630d5b6f200bb28e5", size = 485810 },
    { url = "https://files.pythonhosted.org/packages/c7/8a/1d0e4a9c26e54746dc08c2c6c037889124d4f59dffd853a659fa545f1b40/cffi-1.17.1-cp313-cp313-manylinux_2_17_s390x.manylinux2014_s390x.whl", hash = "sha256:c59d6e989d07460165cc5ad3c61f9fd8f1b4796eacbd81cee78957842b834af4", size = 471200 },
    { url = "https://files.pythonhosted.org/packages/26/9f/1aab65a6c0db35f43c4d1b4f580e8df53914310afc10ae0397d29d697af4/cffi-1.17.1-cp313-cp313-manylinux_2_17_x86_64.manylinux2014_x86_64.whl", hash = "sha256:dd398dbc6773384a17fe0d3e7eeb8d1a21c2200473ee6806bb5e6a8e62bb73dd", size = 479447 },
    { url = "https://files.pythonhosted.org/packages/5f/e4/fb8b3dd8dc0e98edf1135ff067ae070bb32ef9d509d6cb0f538cd6f7483f/cffi-1.17.1-cp313-cp313-musllinux_1_1_aarch64.whl", hash = "sha256:3edc8d958eb099c634dace3c7e16560ae474aa3803a5df240542b305d14e14ed", size = 484358 },
    { url = "https://files.pythonhosted.org/packages/f1/47/d7145bf2dc04684935d57d67dff9d6d795b2ba2796806bb109864be3a151/cffi-1.17.1-cp313-cp313-musllinux_1_1_x86_64.whl", hash = "sha256:72e72408cad3d5419375fc87d289076ee319835bdfa2caad331e377589aebba9", size = 488469 },
    { url = "https://files.pythonhosted.org/packages/bf/ee/f94057fa6426481d663b88637a9a10e859e492c73d0384514a17d78ee205/cffi-1.17.1-cp313-cp313-win32.whl", hash = "sha256:e03eab0a8677fa80d646b5ddece1cbeaf556c313dcfac435ba11f107ba117b5d", size = 172475 },
    { url = "https://files.pythonhosted.org/packages/7c/fc/6a8cb64e5f0324877d503c854da15d76c1e50eb722e320b15345c4d0c6de/cffi-1.17.1-cp313-cp313-win_amd64.whl", hash = "sha256:f6a16c31041f09ead72d69f583767292f750d24913dadacf5756b966aacb3f1a", size = 182009 },
]

[[package]]
name = "delver-pdf"
version = "0.1.0"
source = { editable = "." }
dependencies = [
    { name = "cffi" },
    { name = "maturin", extra = ["zig"] },
]

[package.metadata]
requires-dist = [
    { name = "cffi", specifier = ">=1.17.1" },
    { name = "maturin", extras = ["zig"], specifier = ">=1.8.1" },
]

[[package]]
name = "maturin"
version = "1.8.1"
source = { registry = "https://pypi.org/simple" }
sdist = { url = "https://files.pythonhosted.org/packages/9a/08/ccb0f917722a35ab0d758be9bb5edaf645c3a3d6170061f10d396ecd273f/maturin-1.8.1.tar.gz", hash = "sha256:49cd964aabf59f8b0a6969f9860d2cdf194ac331529caae14c884f5659568857", size = 197397 }
wheels = [
    { url = "https://files.pythonhosted.org/packages/4c/00/f34077315f34db8ad2ccf6bfe11b864ca27baab3a1320634da8e3cf89a48/maturin-1.8.1-py3-none-linux_armv6l.whl", hash = "sha256:7e590a23d9076b8a994f2e67bc63dc9a2d1c9a41b1e7b45ac354ba8275254e89", size = 7568415 },
    { url = "https://files.pythonhosted.org/packages/5c/07/9219976135ce0cb32d2fa6ea5c6d0ad709013d9a17967312e149b98153a6/maturin-1.8.1-py3-none-macosx_10_12_x86_64.macosx_11_0_arm64.macosx_10_12_universal2.whl", hash = "sha256:8d8251a95682c83ea60988c804b620c181911cd824aa107b4a49ac5333c92968", size = 14527816 },
    { url = "https://files.pythonhosted.org/packages/e6/04/fa009a00903acdd1785d58322193140bfe358595347c39f315112dabdf9e/maturin-1.8.1-py3-none-macosx_10_12_x86_64.whl", hash = "sha256:b9fc1a4354cac5e32c190410208039812ea88c4a36bd2b6499268ec49ef5de00", size = 7580446 },
    { url = "https://files.pythonhosted.org/packages/9b/d4/414b2aab9bbfe88182b734d3aa1b4fef7d7701e50f6be48500378b8c8721/maturin-1.8.1-py3-none-manylinux_2_12_i686.manylinux2010_i686.musllinux_1_1_i686.whl", hash = "sha256:621e171c6b39f95f1d0df69a118416034fbd59c0f89dcaea8c2ea62019deecba", size = 7650535 },
    { url = "https://files.pythonhosted.org/packages/f0/64/879418a8a0196013ec1fb19eada0781c04a30e8d6d9227e80f91275a4f5b/maturin-1.8.1-py3-none-manylinux_2_12_x86_64.manylinux2010_x86_64.musllinux_1_1_x86_64.whl", hash = "sha256:98f638739a5132962347871b85c91f525c9246ef4d99796ae98a2031e3df029f", size = 8006702 },
    { url = "https://files.pythonhosted.org/packages/39/c2/605829324f8371294f70303aca130682df75318958efed246873d3d604ab/maturin-1.8.1-py3-none-manylinux_2_17_aarch64.manylinux2014_aarch64.musllinux_1_1_aarch64.whl", hash = "sha256:f9f5c47521924b6e515cbc652a042fe5f17f8747445be9d931048e5d8ddb50a4", size = 7368164 },
    { url = "https://files.pythonhosted.org/packages/be/6c/30e136d397bb146b94b628c0ef7f17708281611b97849e2cf37847025ac7/maturin-1.8.1-py3-none-manylinux_2_17_armv7l.manylinux2014_armv7l.musllinux_1_1_armv7l.whl", hash = "sha256:0f4407c7353c31bfbb8cdeb82bc2170e474cbfb97b5ba27568f440c9d6c1fdd4", size = 7450889 },
    { url = "https://files.pythonhosted.org/packages/1b/50/e1f5023512696d4e56096f702e2f68d6d9a30afe0a4eec82b0e27b8eb4e4/maturin-1.8.1-py3-none-manylinux_2_17_ppc64le.manylinux2014_ppc64le.musllinux_1_1_ppc64le.whl", hash = "sha256:ec49cd70cad3c389946c6e2bc0bd50772a7fcb463040dd800720345897eec9bf", size = 9585819 },
    { url = "https://files.pythonhosted.org/packages/b7/80/b24b5248d89d2e5982553900237a337ea098ca9297b8369ca2aa95549e0f/maturin-1.8.1-py3-none-manylinux_2_17_s390x.manylinux2014_s390x.whl", hash = "sha256:c08767d794de8f8a11c5c8b1b47a4ff9fb6ae2d2d97679e27030f2f509c8c2a0", size = 10920801 },
    { url = "https://files.pythonhosted.org/packages/6e/f4/8ede7a662fabf93456b44390a5ad22630e25fb5ddaecf787251071b2e143/maturin-1.8.1-py3-none-win32.whl", hash = "sha256:d678407713f3e10df33c5b3d7a343ec0551eb7f14d8ad9ba6febeb96f4e4c75c", size = 6873556 },
    { url = "https://files.pythonhosted.org/packages/9c/22/757f093ed0e319e9648155b8c9d716765442bea5bc98ebc58ad4ad5b0524/maturin-1.8.1-py3-none-win_amd64.whl", hash = "sha256:a526f90fe0e5cb59ffb81f4ff547ddc42e823bbdeae4a31012c0893ca6dcaf46", size = 7823153 },
    { url = "https://files.pythonhosted.org/packages/a4/f5/051413e04f6da25069db5e76759ecdb8cd2a8ab4a94045b5a3bf548c66fa/maturin-1.8.1-py3-none-win_arm64.whl", hash = "sha256:e95f077fd2ddd2f048182880eed458c308571a534be3eb2add4d3dac55bf57f4", size = 6552131 },
]

[package.optional-dependencies]
zig = [
    { name = "ziglang" },
]

[[package]]
name = "pycparser"
version = "2.22"
source = { registry = "https://pypi.org/simple" }
sdist = { url = "https://files.pythonhosted.org/packages/1d/b2/31537cf4b1ca988837256c910a668b553fceb8f069bedc4b1c826024b52c/pycparser-2.22.tar.gz", hash = "sha256:491c8be9c040f5390f5bf44a5b07752bd07f56edf992381b05c701439eec10f6", size = 172736 }
wheels = [
    { url = "https://files.pythonhosted.org/packages/13/a3/a812df4e2dd5696d1f351d58b8fe16a405b234ad2886a0dab9183fb78109/pycparser-2.22-py3-none-any.whl", hash = "sha256:c3702b6d3dd8c7abc1afa565d7e63d53a1d0bd86cdc24edd75470f4de499cfcc", size = 117552 },
]

[[package]]
name = "ziglang"
version = "0.12.1"
source = { registry = "https://pypi.org/simple" }
wheels = [
    { url = "https://files.pythonhosted.org/packages/6e/cf/755ab2dae976e87ec85dc49684786dd156c441a87b2002f2d3d253889775/ziglang-0.12.1-py3-none-macosx_12_0_arm64.whl", hash = "sha256:e166297bc3fa4e8f7e4f8ca4fdd3e20fc6821a27fd3b6ca04268654a5003a8ba", size = 78664906 },
    { url = "https://files.pythonhosted.org/packages/c4/8a/5b168d21f2e83c83bc6c712d68cd11d1affdc50a185416a6810e90f3e1dc/ziglang-0.12.1-py3-none-macosx_12_0_x86_64.whl", hash = "sha256:5164d25349441c890b8cf928317a533e3338e3603285c394001ea12ba6af7687", size = 81221242 },
    { url = "https://files.pythonhosted.org/packages/5e/63/8e64f3a525a9e48dbd4ae430fe44846b64e8b897216b8884673c3bcc0353/ziglang-0.12.1-py3-none-manylinux_2_12_i686.manylinux2010_i686.musllinux_1_1_i686.whl", hash = "sha256:66fbb91889d7cfca5a9e3820e07cbbaa6ffbeadb1402b2db3cd7702b5fe43372", size = 85688857 },
    { url = "https://files.pythonhosted.org/packages/ba/13/9f4f45a6e6467fdc7e952043fc3e1449d185bcc3d4095b4b01d45241c0f9/ziglang-0.12.1-py3-none-manylinux_2_12_x86_64.manylinux2010_x86_64.musllinux_1_1_x86_64.whl", hash = "sha256:dcde948140b9e5776c2295b9b808fb4950df7ecadaecb54623dd701502be2017", size = 78197715 },
    { url = "https://files.pythonhosted.org/packages/8e/f7/f29b79b60dfe53d0c541c12211cfb74c9e4064b93c4ca9788ca18fc39b66/ziglang-0.12.1-py3-none-manylinux_2_17_aarch64.manylinux2014_aarch64.musllinux_1_1_aarch64.whl", hash = "sha256:945ea8ac157373e8437b377f7eac39f16fe63cd21b2b27fb4e518466e1cd561d", size = 75570292 },
    { url = "https://files.pythonhosted.org/packages/33/ff/870ec09ced4953e9c64131d5e1a16d4f086768f6033e6916594ee0b94bbc/ziglang-0.12.1-py3-none-manylinux_2_17_armv7l.manylinux2014_armv7l.musllinux_1_1_armv7l.whl", hash = "sha256:011717479951d820e9a0fe0b61b9132560f4094861fca54d66595b66f8aee23a", size = 76388277 },
    { url = "https://files.pythonhosted.org/packages/f8/38/41530e821a92856cc7b247caa5d209356416a5e417d1c314c18baa7b6f8e/ziglang-0.12.1-py3-none-win32.whl", hash = "sha256:0489dfbc6186f528fd7a18c713d13303bcc62f0a281e469599ba5645ecbf4ac0", size = 82343902 },
    { url = "https://files.pythonhosted.org/packages/9d/63/00558cded5202f5648a8bf13da4857060d0d231080b4ea34fdb25406b7b9/ziglang-0.12.1-py3-none-win_amd64.whl", hash = "sha256:c5344e28e9ce4a48949f140c2bb6457e10107dfed27da8af7611f7640bc50177", size = 77654574 },
]
